
Microsoft Visual Studio Solution File, Format Version 12.00
# Visual Studio Version 17
VisualStudioVersion = 17.14.36414.22
MinimumVisualStudioVersion = 10.0.40219.1
Project("{FAE04EC0-301F-11D3-BF4B-00C04F79EFBC}") = "OfficeConnectServer", "WebApplication1\OfficeConnectServer.csproj", "{33FFDCFD-32A2-4652-B452-0F858DE4EA8F}"
EndProject
Global
	GlobalSection(SolutionConfigurationPlatforms) = preSolution
		Debug|Any CPU = Debug|Any CPU
		Release|Any CPU = Release|Any CPU
	EndGlobalSection
	GlobalSection(ProjectConfigurationPlatforms) = postSolution
		{33FFDCFD-32A2-4652-B452-0F858DE4EA8F}.Debug|Any CPU.ActiveCfg = Debug|Any CPU
		{33FFDCFD-32A2-4652-B452-0F858DE4EA8F}.Debug|Any CPU.Build.0 = Debug|Any CPU
		{33FFDCFD-32A2-4652-B452-0F858DE4EA8F}.Release|Any CPU.ActiveCfg = Release|Any CPU
		{33FFDCFD-32A2-4652-B452-0F858DE4EA8F}.Release|Any CPU.Build.0 = Release|Any CPU
	EndGlobalSection
	GlobalSection(SolutionProperties) = preSolution
		HideSolutionNode = FALSE
	EndGlobalSection
	GlobalSection(ExtensibilityGlobals) = postSolution
		SolutionGuid = {74D3BB8A-C59A-4DA4-9ADF-3BE9D428A406}
	EndGlobalSection
EndGlobal
